// !$*UTF8*$!
{
	archiveVersion = 1;
	classes = {
	};
	objectVersion = 55;
	objects = {

/* Begin PBXBuildFile section */
		76FC190828F07B9900C62A54 /* AppDelegate.swift in Sources */ = {isa = PBXBuildFile; fileRef = 76FC190728F07B9900C62A54 /* AppDelegate.swift */; };
		76FC190A28F07B9900C62A54 /* SceneDelegate.swift in Sources */ = {isa = PBXBuildFile; fileRef = 76FC190928F07B9900C62A54 /* SceneDelegate.swift */; };
		76FC190C28F07B9900C62A54 /* ViewController.swift in Sources */ = {isa = PBXBuildFile; fileRef = 76FC190B28F07B9900C62A54 /* ViewController.swift */; };
		76FC190F28F07B9900C62A54 /* Main.storyboard in Resources */ = {isa = PBXBuildFile; fileRef = 76FC190D28F07B9900C62A54 /* Main.storyboard */; };
		76FC191228F07B9900C62A54 /* Chapter07_CoreData.xcdatamodeld in Sources */ = {isa = PBXBuildFile; fileRef = 76FC191028F07B9900C62A54 /* Chapter07_CoreData.xcdatamodeld */; };
		76FC191428F07B9C00C62A54 /* Assets.xcassets in Resources */ = {isa = PBXBuildFile; fileRef = 76FC191328F07B9C00C62A54 /* Assets.xcassets */; };
		76FC191728F07B9C00C62A54 /* LaunchScreen.storyboard in Resources */ = {isa = PBXBuildFile; fileRef = 76FC191528F07B9C00C62A54 /* LaunchScreen.storyboard */; };
		76FC192128F081D100C62A54 /* ListVC.swift in Sources */ = {isa = PBXBuildFile; fileRef = 76FC192028F081D100C62A54 /* ListVC.swift */; };
/* End PBXBuildFile section */

/* Begin PBXFileReference section */
		76FC190428F07B9900C62A54 /* Chapter07-CoreData.app */ = {isa = PBXFileReference; explicitFileType = wrapper.application; includeInIndex = 0; path = "Chapter07-CoreData.app"; sourceTree = BUILT_PRODUCTS_DIR; };
		76FC190728F07B9900C62A54 /* AppDelegate.swift */ = {isa = PBXFileReference; lastKnownFileType = sourcecode.swift; path = AppDelegate.swift; sourceTree = "<group>"; };
		76FC190928F07B9900C62A54 /* SceneDelegate.swift */ = {isa = PBXFileReference; lastKnownFileType = sourcecode.swift; path = SceneDelegate.swift; sourceTree = "<group>"; };
		76FC190B28F07B9900C62A54 /* ViewController.swift */ = {isa = PBXFileReference; lastKnownFileType = sourcecode.swift; path = ViewController.swift; sourceTree = "<group>"; };
		76FC190E28F07B9900C62A54 /* Base */ = {isa = PBXFileReference; lastKnownFileType = file.storyboard; name = Base; path = Base.lproj/Main.storyboard; sourceTree = "<group>"; };
		76FC191128F07B9900C62A54 /* Chapter07_CoreData.xcdatamodel */ = {isa = PBXFileReference; lastKnownFileType = wrapper.xcdatamodel; path = Chapter07_CoreData.xcdatamodel; sourceTree = "<group>"; };
		76FC191328F07B9C00C62A54 /* Assets.xcassets */ = {isa = PBXFileReference; lastKnownFileType = folder.assetcatalog; path = Assets.xcassets; sourceTree = "<group>"; };
		76FC191628F07B9C00C62A54 /* Base */ = {isa = PBXFileReference; lastKnownFileType = file.storyboard; name = Base; path = Base.lproj/LaunchScreen.storyboard; sourceTree = "<group>"; };
		76FC191828F07B9C00C62A54 /* Info.plist */ = {isa = PBXFileReference; lastKnownFileType = text.plist.xml; path = Info.plist; sourceTree = "<group>"; };
		76FC192028F081D100C62A54 /* ListVC.swift */ = {isa = PBXFileReference; lastKnownFileType = sourcecode.swift; path = ListVC.swift; sourceTree = "<group>"; };
/* End PBXFileReference section */

/* Begin PBXFrameworksBuildPhase section */
		76FC190128F07B9900C62A54 /* Frameworks */ = {
			isa = PBXFrameworksBuildPhase;
			buildActionMask = 2147483647;
			files = (
			);
			runOnlyForDeploymentPostprocessing = 0;
		};
/* End PBXFrameworksBuildPhase section */

/* Begin PBXGroup section */
		76FC18FB28F07B9900C62A54 = {
			isa = PBXGroup;
			children = (
				76FC190628F07B9900C62A54 /* Chapter07-CoreData */,
				76FC190528F07B9900C62A54 /* Products */,
			);
			sourceTree = "<group>";
		};
		76FC190528F07B9900C62A54 /* Products */ = {
			isa = PBXGroup;
			children = (
				76FC190428F07B9900C62A54 /* Chapter07-CoreData.app */,
			);
			name = Products;
			sourceTree = "<group>";
		};
		76FC190628F07B9900C62A54 /* Chapter07-CoreData */ = {
			isa = PBXGroup;
			children = (
				76FC190728F07B9900C62A54 /* AppDelegate.swift */,
				76FC190928F07B9900C62A54 /* SceneDelegate.swift */,
				76FC190B28F07B9900C62A54 /* ViewController.swift */,
				76FC190D28F07B9900C62A54 /* Main.storyboard */,
				76FC191328F07B9C00C62A54 /* Assets.xcassets */,
				76FC191528F07B9C00C62A54 /* LaunchScreen.storyboard */,
				76FC191828F07B9C00C62A54 /* Info.plist */,
				76FC191028F07B9900C62A54 /* Chapter07_CoreData.xcdatamodeld */,
				76FC192028F081D100C62A54 /* ListVC.swift */,
			);
			path = "Chapter07-CoreData";
			sourceTree = "<group>";
		};
/* End PBXGroup section */

/* Begin PBXNativeTarget section */
		76FC190328F07B9900C62A54 /* Chapter07-CoreData */ = {
			isa = PBXNativeTarget;
			buildConfigurationList = 76FC191B28F07B9C00C62A54 /* Build configuration list for PBXNativeTarget "Chapter07-CoreData" */;
			buildPhases = (
				76FC190028F07B9900C62A54 /* Sources */,
				76FC190128F07B9900C62A54 /* Frameworks */,
				76FC190228F07B9900C62A54 /* Resources */,
			);
			buildRules = (
			);
			dependencies = (
			);
			name = "Chapter07-CoreData";
			productName = "Chapter07-CoreData";
			productReference = 76FC190428F07B9900C62A54 /* Chapter07-CoreData.app */;
			productType = "com.apple.product-type.application";
		};
/* End PBXNativeTarget section */

/* Begin PBXProject section */
		76FC18FC28F07B9900C62A54 /* Project object */ = {
			isa = PBXProject;
			attributes = {
				BuildIndependentTargetsInParallel = 1;
				LastSwiftUpdateCheck = 1340;
				LastUpgradeCheck = 1340;
				TargetAttributes = {
					76FC190328F07B9900C62A54 = {
						CreatedOnToolsVersion = 13.4.1;
					};
				};
			};
			buildConfigurationList = 76FC18FF28F07B9900C62A54 /* Build configuration list for PBXProject "Chapter07-CoreData" */;
			compatibilityVersion = "Xcode 13.0";
			developmentRegion = en;
			hasScannedForEncodings = 0;
			knownRegions = (
				en,
				Base,
			);
			mainGroup = 76FC18FB28F07B9900C62A54;
			productRefGroup = 76FC190528F07B9900C62A54 /* Products */;
			projectDirPath = "";
			projectRoot = "";
			targets = (
				76FC190328F07B9900C62A54 /* Chapter07-CoreData */,
			);
		};
/* End PBXProject section */

/* Begin PBXResourcesBuildPhase section */
		76FC190228F07B9900C62A54 /* Resources */ = {
			isa = PBXResourcesBuildPhase;
			buildActionMask = 2147483647;
			files = (
				76FC191728F07B9C00C62A54 /* LaunchScreen.storyboard in Resources */,
				76FC191428F07B9C00C62A54 /* Assets.xcassets in Resources */,
				76FC190F28F07B9900C62A54 /* Main.storyboard in Resources */,
			);
			runOnlyForDeploymentPostprocessing = 0;
		};
/* End PBXResourcesBuildPhase section */

/* Begin PBXSourcesBuildPhase section */
		76FC190028F07B9900C62A54 /* Sources */ = {
			isa = PBXSourcesBuildPhase;
			buildActionMask = 2147483647;
			files = (
				76FC190C28F07B9900C62A54 /* ViewController.swift in Sources */,
				76FC192128F081D100C62A54 /* ListVC.swift in Sources */,
				76FC190828F07B9900C62A54 /* AppDelegate.swift in Sources */,
				76FC190A28F07B9900C62A54 /* SceneDelegate.swift in Sources */,
				76FC191228F07B9900C62A54 /* Chapter07_CoreData.xcdatamodeld in Sources */,
			);
			runOnlyForDeploymentPostprocessing = 0;
		};
/* End PBXSourcesBuildPhase section */

/* Begin PBXVariantGroup section */
		76FC190D28F07B9900C62A54 /* Main.storyboard */ = {
			isa = PBXVariantGroup;
			children = (
				76FC190E28F07B9900C62A54 /* Base */,
			);
			name = Main.storyboard;
			sourceTree = "<group>";
		};
		76FC191528F07B9C00C62A54 /* LaunchScreen.storyboard */ = {
			isa = PBXVariantGroup;
			children = (
				76FC191628F07B9C00C62A54 /* Base */,
			);
			name = LaunchScreen.storyboard;
			sourceTree = "<group>";
		};
/* End PBXVariantGroup section */

/* Begin XCBuildConfiguration section */
		76FC191928F07B9C00C62A54 /* Debug */ = {
			isa = XCBuildConfiguration;
			buildSettings = {
				ALWAYS_SEARCH_USER_PATHS = NO;
				CLANG_ANALYZER_NONNULL = YES;
				CLANG_ANALYZER_NUMBER_OBJECT_CONVERSION = YES_AGGRESSIVE;
				CLANG_CXX_LANGUAGE_STANDARD = "gnu++17";
				CLANG_ENABLE_MODULES = YES;
				CLANG_ENABLE_OBJC_ARC = YES;
				CLANG_ENABLE_OBJC_WEAK = YES;
				CLANG_WARN_BLOCK_CAPTURE_AUTORELEASING = YES;
				CLANG_WARN_BOOL_CONVERSION = YES;
				CLANG_WARN_COMMA = YES;
				CLANG_WARN_CONSTANT_CONVERSION = YES;
				CLANG_WARN_DEPRECATED_OBJC_IMPLEMENTATIONS = YES;
				CLANG_WARN_DIRECT_OBJC_ISA_USAGE = YES_ERROR;
				CLANG_WARN_DOCUMENTATION_COMMENTS = YES;
				CLANG_WARN_EMPTY_BODY = YES;
				CLANG_WARN_ENUM_CONVERSION = YES;
				CLANG_WARN_INFINITE_RECURSION = YES;
				CLANG_WARN_INT_CONVERSION = YES;
				CLANG_WARN_NON_LITERAL_NULL_CONVERSION = YES;
				CLANG_WARN_OBJC_IMPLICIT_RETAIN_SELF = YES;
				CLANG_WARN_OBJC_LITERAL_CONVERSION = YES;
				CLANG_WARN_OBJC_ROOT_CLASS = YES_ERROR;
				CLANG_WARN_QUOTED_INCLUDE_IN_FRAMEWORK_HEADER = YES;
				CLANG_WARN_RANGE_LOOP_ANALYSIS = YES;
				CLANG_WARN_STRICT_PROTOTYPES = YES;
				CLANG_WARN_SUSPICIOUS_MOVE = YES;
				CLANG_WARN_UNGUARDED_AVAILABILITY = YES_AGGRESSIVE;
				CLANG_WARN_UNREACHABLE_CODE = YES;
				CLANG_WARN__DUPLICATE_METHOD_MATCH = YES;
				COPY_PHASE_STRIP = NO;
				DEBUG_INFORMATION_FORMAT = dwarf;
				ENABLE_STRICT_OBJC_MSGSEND = YES;
				ENABLE_TESTABILITY = YES;
				GCC_C_LANGUAGE_STANDARD = gnu11;
				GCC_DYNAMIC_NO_PIC = NO;
				GCC_NO_COMMON_BLOCKS = YES;
				GCC_OPTIMIZATION_LEVEL = 0;
				GCC_PREPROCESSOR_DEFINITIONS = (
					"DEBUG=1",
					"$(inherited)",
				);
				GCC_WARN_64_TO_32_BIT_CONVERSION = YES;
				GCC_WARN_ABOUT_RETURN_TYPE = YES_ERROR;
				GCC_WARN_UNDECLARED_SELECTOR = YES;
				GCC_WARN_UNINITIALIZED_AUTOS = YES_AGGRESSIVE;
				GCC_WARN_UNUSED_FUNCTION = YES;
				GCC_WARN_UNUSED_VARIABLE = YES;
				IPHONEOS_DEPLOYMENT_TARGET = 15.5;
				MTL_ENABLE_DEBUG_INFO = INCLUDE_SOURCE;
				MTL_FAST_MATH = YES;
				ONLY_ACTIVE_ARCH = YES;
				SDKROOT = iphoneos;
				SWIFT_ACTIVE_COMPILATION_CONDITIONS = DEBUG;
				SWIFT_OPTIMIZATION_LEVEL = "-Onone";
			};
			name = Debug;
		};
		76FC191A28F07B9C00C62A54 /* Release */ = {
			isa = XCBuildConfiguration;
			buildSettings = {
				ALWAYS_SEARCH_USER_PATHS = NO;
				CLANG_ANALYZER_NONNULL = YES;
				CLANG_ANALYZER_NUMBER_OBJECT_CONVERSION = YES_AGGRESSIVE;
				CLANG_CXX_LANGUAGE_STANDARD = "gnu++17";
				CLANG_ENABLE_MODULES = YES;
				CLANG_ENABLE_OBJC_ARC = YES;
				CLANG_ENABLE_OBJC_WEAK = YES;
				CLANG_WARN_BLOCK_CAPTURE_AUTORELEASING = YES;
				CLANG_WARN_BOOL_CONVERSION = YES;
				CLANG_WARN_COMMA = YES;
				CLANG_WARN_CONSTANT_CONVERSION = YES;
				CLANG_WARN_DEPRECATED_OBJC_IMPLEMENTATIONS = YES;
				CLANG_WARN_DIRECT_OBJC_ISA_USAGE = YES_ERROR;
				CLANG_WARN_DOCUMENTATION_COMMENTS = YES;
				CLANG_WARN_EMPTY_BODY = YES;
				CLANG_WARN_ENUM_CONVERSION = YES;
				CLANG_WARN_INFINITE_RECURSION = YES;
				CLANG_WARN_INT_CONVERSION = YES;
				CLANG_WARN_NON_LITERAL_NULL_CONVERSION = YES;
				CLANG_WARN_OBJC_IMPLICIT_RETAIN_SELF = YES;
				CLANG_WARN_OBJC_LITERAL_CONVERSION = YES;
				CLANG_WARN_OBJC_ROOT_CLASS = YES_ERROR;
				CLANG_WARN_QUOTED_INCLUDE_IN_FRAMEWORK_HEADER = YES;
				CLANG_WARN_RANGE_LOOP_ANALYSIS = YES;
				CLANG_WARN_STRICT_PROTOTYPES = YES;
				CLANG_WARN_SUSPICIOUS_MOVE = YES;
				CLANG_WARN_UNGUARDED_AVAILABILITY = YES_AGGRESSIVE;
				CLANG_WARN_UNREACHABLE_CODE = YES;
				CLANG_WARN__DUPLICATE_METHOD_MATCH = YES;
				COPY_PHASE_STRIP = NO;
				DEBUG_INFORMATION_FORMAT = "dwarf-with-dsym";
				ENABLE_NS_ASSERTIONS = NO;
				ENABLE_STRICT_OBJC_MSGSEND = YES;
				GCC_C_LANGUAGE_STANDARD = gnu11;
				GCC_NO_COMMON_BLOCKS = YES;
				GCC_WARN_64_TO_32_BIT_CONVERSION = YES;
				GCC_WARN_ABOUT_RETURN_TYPE = YES_ERROR;
				GCC_WARN_UNDECLARED_SELECTOR = YES;
				GCC_WARN_UNINITIALIZED_AUTOS = YES_AGGRESSIVE;
				GCC_WARN_UNUSED_FUNCTION = YES;
				GCC_WARN_UNUSED_VARIABLE = YES;
				IPHONEOS_DEPLOYMENT_TARGET = 15.5;
				MTL_ENABLE_DEBUG_INFO = NO;
				MTL_FAST_MATH = YES;
				SDKROOT = iphoneos;
				SWIFT_COMPILATION_MODE = wholemodule;
				SWIFT_OPTIMIZATION_LEVEL = "-O";
				VALIDATE_PRODUCT = YES;
			};
			name = Release;
		};
		76FC191C28F07B9C00C62A54 /* Debug */ = {
			isa = XCBuildConfiguration;
			buildSettings = {
				ASSETCATALOG_COMPILER_APPICON_NAME = AppIcon;
				ASSETCATALOG_COMPILER_GLOBAL_ACCENT_COLOR_NAME = AccentColor;
				CODE_SIGN_STYLE = Automatic;
				CURRENT_PROJECT_VERSION = 1;
				DEVELOPMENT_TEAM = Y7PRM9H29K;
				GENERATE_INFOPLIST_FILE = YES;
				INFOPLIST_FILE = "Chapter07-CoreData/Info.plist";
				INFOPLIST_KEY_UIApplicationSupportsIndirectInputEvents = YES;
				INFOPLIST_KEY_UILaunchStoryboardName = LaunchScreen;
				INFOPLIST_KEY_UIMainStoryboardFile = Main;
				INFOPLIST_KEY_UISupportedInterfaceOrientations_iPad = "UIInterfaceOrientationPortrait UIInterfaceOrientationPortraitUpsideDown UIInterfaceOrientationLandscapeLeft UIInterfaceOrientationLandscapeRight";
				INFOPLIST_KEY_UISupportedInterfaceOrientations_iPhone = "UIInterfaceOrientationPortrait UIInterfaceOrientationLandscapeLeft UIInterfaceOrientationLandscapeRight";
				LD_RUNPATH_SEARCH_PATHS = (
					"$(inherited)",
					"@executable_path/Frameworks",
				);
				MARKETING_VERSION = 1.0;
				PRODUCT_BUNDLE_IDENTIFIER = "com.ojun.Chapter07-CoreData";
				PRODUCT_NAME = "$(TARGET_NAME)";
				SWIFT_EMIT_LOC_STRINGS = YES;
				SWIFT_VERSION = 5.0;
				TARGETED_DEVICE_FAMILY = "1,2";
			};
			name = Debug;
		};
		76FC191D28F07B9C00C62A54 /* Release */ = {
			isa = XCBuildConfiguration;
			buildSettings = {
				ASSETCATALOG_COMPILER_APPICON_NAME = AppIcon;
				ASSETCATALOG_COMPILER_GLOBAL_ACCENT_COLOR_NAME = AccentColor;
				CODE_SIGN_STYLE = Automatic;
				CURRENT_PROJECT_VERSION = 1;
				DEVELOPMENT_TEAM = Y7PRM9H29K;
				GENERATE_INFOPLIST_FILE = YES;
				INFOPLIST_FILE = "Chapter07-CoreData/Info.plist";
				INFOPLIST_KEY_UIApplicationSupportsIndirectInputEvents = YES;
				INFOPLIST_KEY_UILaunchStoryboardName = LaunchScreen;
				INFOPLIST_KEY_UIMainStoryboardFile = Main;
				INFOPLIST_KEY_UISupportedInterfaceOrientations_iPad = "UIInterfaceOrientationPortrait UIInterfaceOrientationPortraitUpsideDown UIInterfaceOrientationLandscapeLeft UIInterfaceOrientationLandscapeRight";
				INFOPLIST_KEY_UISupportedInterfaceOrientations_iPhone = "UIInterfaceOrientationPortrait UIInterfaceOrientationLandscapeLeft UIInterfaceOrientationLandscapeRight";
				LD_RUNPATH_SEARCH_PATHS = (
					"$(inherited)",
					"@executable_path/Frameworks",
				);
				MARKETING_VERSION = 1.0;
				PRODUCT_BUNDLE_IDENTIFIER = "com.ojun.Chapter07-CoreData";
				PRODUCT_NAME = "$(TARGET_NAME)";
				SWIFT_EMIT_LOC_STRINGS = YES;
				SWIFT_VERSION = 5.0;
				TARGETED_DEVICE_FAMILY = "1,2";
			};
			name = Release;
		};
/* End XCBuildConfiguration section */

/* Begin XCConfigurationList section */
		76FC18FF28F07B9900C62A54 /* Build configuration list for PBXProject "Chapter07-CoreData" */ = {
			isa = XCConfigurationList;
			buildConfigurations = (
				76FC191928F07B9C00C62A54 /* Debug */,
				76FC191A28F07B9C00C62A54 /* Release */,
			);
			defaultConfigurationIsVisible = 0;
			defaultConfigurationName = Release;
		};
		76FC191B28F07B9C00C62A54 /* Build configuration list for PBXNativeTarget "Chapter07-CoreData" */ = {
			isa = XCConfigurationList;
			buildConfigurations = (
				76FC191C28F07B9C00C62A54 /* Debug */,
				76FC191D28F07B9C00C62A54 /* Release */,
			);
			defaultConfigurationIsVisible = 0;
			defaultConfigurationName = Release;
		};
/* End XCConfigurationList section */

/* Begin XCVersionGroup section */
		76FC191028F07B9900C62A54 /* Chapter07_CoreData.xcdatamodeld */ = {
			isa = XCVersionGroup;
			children = (
				76FC191128F07B9900C62A54 /* Chapter07_CoreData.xcdatamodel */,
			);
			currentVersion = 76FC191128F07B9900C62A54 /* Chapter07_CoreData.xcdatamodel */;
			path = Chapter07_CoreData.xcdatamodeld;
			sourceTree = "<group>";
			versionGroupType = wrapper.xcdatamodel;
		};
/* End XCVersionGroup section */
	};
	rootObject = 76FC18FC28F07B9900C62A54 /* Project object */;
}
